
Microsoft Visual Studio Solution File, Format Version 12.00
# Visual Studio Version 16
VisualStudioVersion = 16.0.30907.101
MinimumVisualStudioVersion = 10.0.40219.1
Project("{FAE04EC0-301F-11D3-BF4B-00C04F79EFBC}") = "DynDnsUpdater", "DynDnsUpdater\DynDnsUpdater.csproj", "{BDE7E215-11AA-47FE-8ADA-5A8CF7DEFB1A}"
EndProject
Global
	GlobalSection(SolutionConfigurationPlatforms) = preSolution
		Debug|Any CPU = Debug|Any CPU
		Release|Any CPU = Release|Any CPU
	EndGlobalSection
	GlobalSection(ProjectConfigurationPlatforms) = postSolution
		{BDE7E215-11AA-47FE-8ADA-5A8CF7DEFB1A}.Debug|Any CPU.ActiveCfg = Debug|Any CPU
		{BDE7E215-11AA-47FE-8ADA-5A8CF7DEFB1A}.Debug|Any CPU.Build.0 = Debug|Any CPU
		{BDE7E215-11AA-47FE-8ADA-5A8CF7DEFB1A}.Release|Any CPU.ActiveCfg = Release|Any CPU
		{BDE7E215-11AA-47FE-8ADA-5A8CF7DEFB1A}.Release|Any CPU.Build.0 = Release|Any CPU
	EndGlobalSection
	GlobalSection(SolutionProperties) = preSolution
		HideSolutionNode = FALSE
	EndGlobalSection
	GlobalSection(ExtensibilityGlobals) = postSolution
		SolutionGuid = {43EDB907-220B-4191-8260-BE862DA193EA}
	EndGlobalSection
EndGlobal
